schema: '2.0'
stages:
  train_model:
    cmd: python ./src/train.py
    deps:
    - path: ./data/iris.csv
      hash: md5
      md5: 21d441a28bce4417276097df955afc50
      size: 2928
    - path: ./src/train.py
      hash: md5
      md5: 8eff9ee0809e47066717f323e9bb57c3
      size: 639
    outs:
    - path: ./model/model.pkl
      hash: md5
      md5: 6f85998753b3de0bc8599fee08f40f7d
      size: 190401
